
Microsoft Visual Studio Solution File, Format Version 12.00
Project("{FAE04EC0-301F-11D3-BF4B-00C04F79EFBC}") = "FusionBrain", "FusionBrain\FusionBrain.csproj", "{C7B0EE97-C766-428F-A433-84267DF9C568}"
EndProject
Project("{2150E333-8FDC-42A3-9474-1A3956D46DE8}") = "Solution items", "Solution items", "{8C6D1E30-270D-4CA3-BD0E-E9432F0CC472}"
	ProjectSection(SolutionItems) = preProject
		..\README.md = ..\README.md
		..\LICENSE = ..\LICENSE
	EndProjectSection
EndProject
Global
	GlobalSection(SolutionConfigurationPlatforms) = preSolution
		Debug|Any CPU = Debug|Any CPU
		Release|Any CPU = Release|Any CPU
	EndGlobalSection
	GlobalSection(ProjectConfigurationPlatforms) = postSolution
		{C7B0EE97-C766-428F-A433-84267DF9C568}.Debug|Any CPU.ActiveCfg = Debug|Any CPU
		{C7B0EE97-C766-428F-A433-84267DF9C568}.Debug|Any CPU.Build.0 = Debug|Any CPU
		{C7B0EE97-C766-428F-A433-84267DF9C568}.Release|Any CPU.ActiveCfg = Release|Any CPU
		{C7B0EE97-C766-428F-A433-84267DF9C568}.Release|Any CPU.Build.0 = Release|Any CPU
	EndGlobalSection
EndGlobal
